
Microsoft Visual Studio Solution File, Format Version 12.00
# Visual Studio Version 17
VisualStudioVersion = 17.4.33205.214
MinimumVisualStudioVersion = 10.0.40219.1
Project("{FAE04EC0-301F-11D3-BF4B-00C04F79EFBC}") = "MichaelBaldwinLab1", "MichaelBaldwinLab1\MichaelBaldwinLab1.csproj", "{8ACB0CC3-B68F-40D6-B800-3AFA67FC6E95}"
EndProject
Global
	GlobalSection(SolutionConfigurationPlatforms) = preSolution
		Debug|Any CPU = Debug|Any CPU
		Release|Any CPU = Release|Any CPU
	EndGlobalSection
	GlobalSection(ProjectConfigurationPlatforms) = postSolution
		{8ACB0CC3-B68F-40D6-B800-3AFA67FC6E95}.Debug|Any CPU.ActiveCfg = Debug|Any CPU
		{8ACB0CC3-B68F-40D6-B800-3AFA67FC6E95}.Debug|Any CPU.Build.0 = Debug|Any CPU
		{8ACB0CC3-B68F-40D6-B800-3AFA67FC6E95}.Release|Any CPU.ActiveCfg = Release|Any CPU
		{8ACB0CC3-B68F-40D6-B800-3AFA67FC6E95}.Release|Any CPU.Build.0 = Release|Any CPU
	EndGlobalSection
	GlobalSection(SolutionProperties) = preSolution
		HideSolutionNode = FALSE
	EndGlobalSection
	GlobalSection(ExtensibilityGlobals) = postSolution
		SolutionGuid = {9374AAD7-57A3-4619-A682-FB141179B4ED}
	EndGlobalSection
EndGlobal
